
Microsoft Visual Studio Solution File, Format Version 12.00
# Visual Studio 15
VisualStudioVersion = 15.0.28010.2016
MinimumVisualStudioVersion = 10.0.40219.1
Project("{FAE04EC0-301F-11D3-BF4B-00C04F79EFBC}") = "AudioFrameInputNodeDemo", "AudioFrameInputNodeDemo\AudioFrameInputNodeDemo.csproj", "{07DEFA17-D1E4-4BD2-9D4F-F349A940CCB6}"
EndProject
Project("{FAE04EC0-301F-11D3-BF4B-00C04F79EFBC}") = "MediaCompositionDemo", "MediaCompositionDemo\MediaCompositionDemo.csproj", "{FED26F88-ACA6-4E5F-BD36-ECF5D386839D}"
EndProject
Project("{FAE04EC0-301F-11D3-BF4B-00C04F79EFBC}") = "TiebaLoadingWave", "TiebaLoadingWave\TiebaLoadingWave.csproj", "{BD25C836-1EAC-4662-8823-B2A7CE83575E}"
EndProject
Global
	GlobalSection(SolutionConfigurationPlatforms) = preSolution
		Debug|ARM = Debug|ARM
		Debug|x64 = Debug|x64
		Debug|x86 = Debug|x86
		Release|ARM = Release|ARM
		Release|x64 = Release|x64
		Release|x86 = Release|x86
	EndGlobalSection
	GlobalSection(ProjectConfigurationPlatforms) = postSolution
		{07DEFA17-D1E4-4BD2-9D4F-F349A940CCB6}.Debug|ARM.ActiveCfg = Debug|ARM
		{07DEFA17-D1E4-4BD2-9D4F-F349A940CCB6}.Debug|ARM.Build.0 = Debug|ARM
		{07DEFA17-D1E4-4BD2-9D4F-F349A940CCB6}.Debug|ARM.Deploy.0 = Debug|ARM
		{07DEFA17-D1E4-4BD2-9D4F-F349A940CCB6}.Debug|x64.ActiveCfg = Debug|x64
		{07DEFA17-D1E4-4BD2-9D4F-F349A940CCB6}.Debug|x64.Build.0 = Debug|x64
		{07DEFA17-D1E4-4BD2-9D4F-F349A940CCB6}.Debug|x64.Deploy.0 = Debug|x64
		{07DEFA17-D1E4-4BD2-9D4F-F349A940CCB6}.Debug|x86.ActiveCfg = Debug|x86
		{07DEFA17-D1E4-4BD2-9D4F-F349A940CCB6}.Debug|x86.Build.0 = Debug|x86
		{07DEFA17-D1E4-4BD2-9D4F-F349A940CCB6}.Debug|x86.Deploy.0 = Debug|x86
		{07DEFA17-D1E4-4BD2-9D4F-F349A940CCB6}.Release|ARM.ActiveCfg = Release|ARM
		{07DEFA17-D1E4-4BD2-9D4F-F349A940CCB6}.Release|ARM.Build.0 = Release|ARM
		{07DEFA17-D1E4-4BD2-9D4F-F349A940CCB6}.Release|ARM.Deploy.0 = Release|ARM
		{07DEFA17-D1E4-4BD2-9D4F-F349A940CCB6}.Release|x64.ActiveCfg = Release|x64
		{07DEFA17-D1E4-4BD2-9D4F-F349A940CCB6}.Release|x64.Build.0 = Release|x64
		{07DEFA17-D1E4-4BD2-9D4F-F349A940CCB6}.Release|x64.Deploy.0 = Release|x64
		{07DEFA17-D1E4-4BD2-9D4F-F349A940CCB6}.Release|x86.ActiveCfg = Release|x86
		{07DEFA17-D1E4-4BD2-9D4F-F349A940CCB6}.Release|x86.Build.0 = Release|x86
		{07DEFA17-D1E4-4BD2-9D4F-F349A940CCB6}.Release|x86.Deploy.0 = Release|x86
		{FED26F88-ACA6-4E5F-BD36-ECF5D386839D}.Debug|ARM.ActiveCfg = Debug|ARM
		{FED26F88-ACA6-4E5F-BD36-ECF5D386839D}.Debug|ARM.Build.0 = Debug|ARM
		{FED26F88-ACA6-4E5F-BD36-ECF5D386839D}.Debug|ARM.Deploy.0 = Debug|ARM
		{FED26F88-ACA6-4E5F-BD36-ECF5D386839D}.Debug|x64.ActiveCfg = Debug|x64
		{FED26F88-ACA6-4E5F-BD36-ECF5D386839D}.Debug|x64.Build.0 = Debug|x64
		{FED26F88-ACA6-4E5F-BD36-ECF5D386839D}.Debug|x64.Deploy.0 = Debug|x64
		{FED26F88-ACA6-4E5F-BD36-ECF5D386839D}.Debug|x86.ActiveCfg = Debug|x86
		{FED26F88-ACA6-4E5F-BD36-ECF5D386839D}.Debug|x86.Build.0 = Debug|x86
		{FED26F88-ACA6-4E5F-BD36-ECF5D386839D}.Debug|x86.Deploy.0 = Debug|x86
		{FED26F88-ACA6-4E5F-BD36-ECF5D386839D}.Release|ARM.ActiveCfg = Release|ARM
		{FED26F88-ACA6-4E5F-BD36-ECF5D386839D}.Release|ARM.Build.0 = Release|ARM
		{FED26F88-ACA6-4E5F-BD36-ECF5D386839D}.Release|ARM.Deploy.0 = Release|ARM
		{FED26F88-ACA6-4E5F-BD36-ECF5D386839D}.Release|x64.ActiveCfg = Release|x64
		{FED26F88-ACA6-4E5F-BD36-ECF5D386839D}.Release|x64.Build.0 = Release|x64
		{FED26F88-ACA6-4E5F-BD36-ECF5D386839D}.Release|x64.Deploy.0 = Release|x64
		{FED26F88-ACA6-4E5F-BD36-ECF5D386839D}.Release|x86.ActiveCfg = Release|x86
		{FED26F88-ACA6-4E5F-BD36-ECF5D386839D}.Release|x86.Build.0 = Release|x86
		{FED26F88-ACA6-4E5F-BD36-ECF5D386839D}.Release|x86.Deploy.0 = Release|x86
		{BD25C836-1EAC-4662-8823-B2A7CE83575E}.Debug|ARM.ActiveCfg = Debug|ARM
		{BD25C836-1EAC-4662-8823-B2A7CE83575E}.Debug|ARM.Build.0 = Debug|ARM
		{BD25C836-1EAC-4662-8823-B2A7CE83575E}.Debug|ARM.Deploy.0 = Debug|ARM
		{BD25C836-1EAC-4662-8823-B2A7CE83575E}.Debug|x64.ActiveCfg = Debug|x64
		{BD25C836-1EAC-4662-8823-B2A7CE83575E}.Debug|x64.Build.0 = Debug|x64
		{BD25C836-1EAC-4662-8823-B2A7CE83575E}.Debug|x64.Deploy.0 = Debug|x64
		{BD25C836-1EAC-4662-8823-B2A7CE83575E}.Debug|x86.ActiveCfg = Debug|x86
		{BD25C836-1EAC-4662-8823-B2A7CE83575E}.Debug|x86.Build.0 = Debug|x86
		{BD25C836-1EAC-4662-8823-B2A7CE83575E}.Debug|x86.Deploy.0 = Debug|x86
		{BD25C836-1EAC-4662-8823-B2A7CE83575E}.Release|ARM.ActiveCfg = Release|ARM
		{BD25C836-1EAC-4662-8823-B2A7CE83575E}.Release|ARM.Build.0 = Release|ARM
		{BD25C836-1EAC-4662-8823-B2A7CE83575E}.Release|ARM.Deploy.0 = Release|ARM
		{BD25C836-1EAC-4662-8823-B2A7CE83575E}.Release|x64.ActiveCfg = Release|x64
		{BD25C836-1EAC-4662-8823-B2A7CE83575E}.Release|x64.Build.0 = Release|x64
		{BD25C836-1EAC-4662-8823-B2A7CE83575E}.Release|x64.Deploy.0 = Release|x64
		{BD25C836-1EAC-4662-8823-B2A7CE83575E}.Release|x86.ActiveCfg = Release|x86
		{BD25C836-1EAC-4662-8823-B2A7CE83575E}.Release|x86.Build.0 = Release|x86
		{BD25C836-1EAC-4662-8823-B2A7CE83575E}.Release|x86.Deploy.0 = Release|x86
	EndGlobalSection
	GlobalSection(SolutionProperties) = preSolution
		HideSolutionNode = FALSE
	EndGlobalSection
	GlobalSection(ExtensibilityGlobals) = postSolution
		SolutionGuid = {C209DA1D-EDDB-4C02-A179-F85F459970ED}
	EndGlobalSection
EndGlobal
